version = 1
revision = 3
requires-python = ">=3.12"

[[package]]
name = "colorama"
version = "0.4.6"
source = { registry = "https://pypi.org/simple" }
sdist = { url = "https://files.pythonhosted.org/packages/d8/53/6f443c9a4a8358a93a6792e2acffb9d9d5cb0a5cfd8802644b7b1c9a02e4/colorama-0.4.6.tar.gz", hash = "sha256:08695f5cb7ed6e0531a20572697297273c47b8cae5a63ffc6d6ed5c201be6e44", size = 27697, upload-time = "2022-10-25T02:36:22.414Z" }
wheels = [
    { url = "https://files.pythonhosted.org/packages/d1/d6/3965ed04c63042e047cb6a3e6ed1a63a35087b6a609aa3a15ed8ac56c221/colorama-0.4.6-py2.py3-none-any.whl", hash = "sha256:4f1d9991f5acc0ca119f9d443620b77f9d6b33703e51011c16baf57afb285fc6", size = 25335, upload-time = "2022-10-25T02:36:20.889Z" },
]

[[package]]
name = "ijson"
version = "3.4.0.post0"
source = { registry = "https://pypi.org/simple" }
sdist = { url = "https://files.pythonhosted.org/packages/2d/30/7ab4b9e88e7946f6beef419f74edcc541df3ea562c7882257b4eaa82417d/ijson-3.4.0.post0.tar.gz", hash = "sha256:9aa02dc70bb245670a6ca7fba737b992aeeb4895360980622f7e568dbf23e41e", size = 67216, upload-time = "2025-10-10T05:29:25.62Z" }
wheels = [
    { url = "https://files.pythonhosted.org/packages/7d/fe/3b6af0025288e769dbfa30485dae1b3bd3f33f00390f3ee532cbb1c33e9b/ijson-3.4.0.post0-cp312-cp312-macosx_10_13_universal2.whl", hash = "sha256:b607a500fca26101be47d2baf7cddb457b819ab60a75ce51ed1092a40da8b2f9", size = 87847, upload-time = "2025-10-10T05:28:07.229Z" },
    { url = "https://files.pythonhosted.org/packages/6e/a5/95ee2ca82f3b1a57892452f6e5087607d56c620beb8ce625475194568698/ijson-3.4.0.post0-cp312-cp312-macosx_10_13_x86_64.whl", hash = "sha256:4827d9874a6a81625412c59f7ca979a84d01f7f6bfb3c6d4dc4c46d0382b14e0", size = 59815, upload-time = "2025-10-10T05:28:08.448Z" },
    { url = "https://files.pythonhosted.org/packages/51/8d/5a704ab3c17c55c21c86423458db8610626ca99cc9086a74dfeb7ee9054c/ijson-3.4.0.post0-cp312-cp312-macosx_11_0_arm64.whl", hash = "sha256:d4d4afec780881edb2a0d2dd40b1cdbe246e630022d5192f266172a0307986a7", size = 59648, upload-time = "2025-10-10T05:28:09.307Z" },
    { url = "https://files.pythonhosted.org/packages/25/56/ca5d6ca145d007f30b44e747f3c163bc08710ce004af0deaad4a2301339b/ijson-3.4.0.post0-cp312-cp312-manylinux1_i686.manylinux_2_28_i686.manylinux_2_5_i686.whl", hash = "sha256:432fb60ffb952926f9438e0539011e2dfcd108f8426ee826ccc6173308c3ff2c", size = 138279, upload-time = "2025-10-10T05:28:10.489Z" },
    { url = "https://files.pythonhosted.org/packages/c3/d3/22e3cc806fcdda7ad4c8482ed74db7a017d4a1d49b4300c7bc07052fb561/ijson-3.4.0.post0-cp312-cp312-manylinux2014_aarch64.manylinux_2_17_aarch64.manylinux_2_28_aarch64.whl", hash = "sha256:54a0e3e05d9a0c95ecba73d9579f146cf6d5c5874116c849dba2d39a5f30380e", size = 149110, upload-time = "2025-10-10T05:28:12.263Z" },
    { url = "https://files.pythonhosted.org/packages/3e/04/efb30f413648b9267f5a33920ac124d7ebef3bc4063af8f6ffc8ca11ddcb/ijson-3.4.0.post0-cp312-cp312-manylinux2014_x86_64.manylinux_2_17_x86_64.manylinux_2_28_x86_64.whl", hash = "sha256:05807edc0bcbd222dc6ea32a2b897f0c81dc7f12c8580148bc82f6d7f5e7ec7b", size = 149026, upload-time = "2025-10-10T05:28:13.557Z" },
    { url = "https://files.pythonhosted.org/packages/2d/cf/481165f7046ade32488719300a3994a437020bc41cfbb54334356348f513/ijson-3.4.0.post0-cp312-cp312-musllinux_1_2_aarch64.whl", hash = "sha256:a5269af16f715855d9864937f9dd5c348ca1ac49cee6a2c7a1b7091c159e874f", size = 150012, upload-time = "2025-10-10T05:28:14.859Z" },
    { url = "https://files.pythonhosted.org/packages/0f/24/642e3289917ecf860386e26dfde775f9962d26ab7f6c2e364ed3ca3c25d8/ijson-3.4.0.post0-cp312-cp312-musllinux_1_2_i686.whl", hash = "sha256:b200df83c901f5bfa416d069ac71077aa1608f854a4c50df1b84ced560e9c9ec", size = 142193, upload-time = "2025-10-10T05:28:16.131Z" },
    { url = "https://files.pythonhosted.org/packages/0f/f5/fd2f038abe95e553e1c3ee207cda19db9196eb416e63c7c89699a8cf0db7/ijson-3.4.0.post0-cp312-cp312-musllinux_1_2_x86_64.whl", hash = "sha256:6458bd8e679cdff459a0a5e555b107c3bbacb1f382da3fe0f40e392871eb518d", size = 150904, upload-time = "2025-10-10T05:28:17.401Z" },
    { url = "https://files.pythonhosted.org/packages/49/35/24259d22519987928164e6cb8fe3486e1df0899b2999ada4b0498639b463/ijson-3.4.0.post0-cp312-cp312-win32.whl", hash = "sha256:55f7f656b5986326c978cbb3a9eea9e33f3ef6ecc4535b38f1d452c731da39ab", size = 52358, upload-time = "2025-10-10T05:28:18.315Z" },
    { url = "https://files.pythonhosted.org/packages/a1/2b/6f7ade27a8ff5758fc41006dadd2de01730def84fe3e60553b329c59e0d4/ijson-3.4.0.post0-cp312-cp312-win_amd64.whl", hash = "sha256:e15833dcf6f6d188fdc624a31cd0520c3ba21b6855dc304bc7c1a8aeca02d4ac", size = 54789, upload-time = "2025-10-10T05:28:19.552Z" },
    { url = "https://files.pythonhosted.org/packages/1b/20/aaec6977f9d538bbadd760c7fa0f6a0937742abdcc920ec6478a8576e55f/ijson-3.4.0.post0-cp313-cp313-macosx_10_13_universal2.whl", hash = "sha256:114ed248166ac06377e87a245a158d6b98019d2bdd3bb93995718e0bd996154f", size = 87863, upload-time = "2025-10-10T05:28:20.786Z" },
    { url = "https://files.pythonhosted.org/packages/5b/29/06bf56a866e2fe21453a1ad8f3a5d7bca3c723f73d96329656dfee969783/ijson-3.4.0.post0-cp313-cp313-macosx_10_13_x86_64.whl", hash = "sha256:ffb21203736b08fe27cb30df6a4f802fafb9ef7646c5ff7ef79569b63ea76c57", size = 59806, upload-time = "2025-10-10T05:28:21.596Z" },
    { url = "https://files.pythonhosted.org/packages/ba/ae/e1d0fda91ba7a444b75f0d60cb845fdb1f55d3111351529dcbf4b1c276fe/ijson-3.4.0.post0-cp313-cp313-macosx_11_0_arm64.whl", hash = "sha256:07f20ecd748602ac7f18c617637e53bd73ded7f3b22260bba3abe401a7fc284e", size = 59643, upload-time = "2025-10-10T05:28:22.45Z" },
    { url = "https://files.pythonhosted.org/packages/4d/24/5a24533be2726396cc1724dc237bada09b19715b5bfb0e7b9400db0901ad/ijson-3.4.0.post0-cp313-cp313-manylinux1_i686.manylinux_2_28_i686.manylinux_2_5_i686.whl", hash = "sha256:27aa193d47ffc6bc4e45453896ad98fb089a367e8283b973f1fe5c0198b60b4e", size = 138082, upload-time = "2025-10-10T05:28:23.319Z" },
    { url = "https://files.pythonhosted.org/packages/05/60/026c3efcec23c329657e878cbc0a9a25b42e7eb3971e8c2377cb3284e2b7/ijson-3.4.0.post0-cp313-cp313-manylinux2014_aarch64.manylinux_2_17_aarch64.manylinux_2_28_aarch64.whl", hash = "sha256:ccddb2894eb7af162ba43b9475ac5825d15d568832f82eb8783036e5d2aebd42", size = 149145, upload-time = "2025-10-10T05:28:24.279Z" },
    { url = "https://files.pythonhosted.org/packages/ed/c2/036499909b7a1bc0bcd85305e4348ad171aeb9df57581287533bdb3497e9/ijson-3.4.0.post0-cp313-cp313-manylinux2014_x86_64.manylinux_2_17_x86_64.manylinux_2_28_x86_64.whl", hash = "sha256:61ab0b8c5bf707201dc67e02c116f4b6545c4afd7feb2264b989d242d9c4348a", size = 149046, upload-time = "2025-10-10T05:28:25.186Z" },
    { url = "https://files.pythonhosted.org/packages/ba/75/e7736073ad96867c129f9e799e3e65086badd89dbf3911f76d9b3bf8a115/ijson-3.4.0.post0-cp313-cp313-musllinux_1_2_aarch64.whl", hash = "sha256:254cfb8c124af68327a0e7a49b50bbdacafd87c4690a3d62c96eb01020a685ef", size = 150356, upload-time = "2025-10-10T05:28:26.135Z" },
    { url = "https://files.pythonhosted.org/packages/9d/1b/1c1575d2cda136985561fcf774fe6c54412cd0fa08005342015af0403193/ijson-3.4.0.post0-cp313-cp313-musllinux_1_2_i686.whl", hash = "sha256:04ac9ca54db20f82aeda6379b5f4f6112fdb150d09ebce04affeab98a17b4ed3", size = 142322, upload-time = "2025-10-10T05:28:27.125Z" },
    { url = "https://files.pythonhosted.org/packages/28/4d/aba9871feb624df8494435d1a9ddc7b6a4f782c6044bfc0d770a4b59f145/ijson-3.4.0.post0-cp313-cp313-musllinux_1_2_x86_64.whl", hash = "sha256:a603d7474bf35e7b3a8e49c8dabfc4751841931301adff3f3318171c4e407f32", size = 151386, upload-time = "2025-10-10T05:28:28.274Z" },
    { url = "https://files.pythonhosted.org/packages/3f/9a/791baa83895fb6e492bce2c7a0ea6427b6a41fe854349e62a37d0c9deaf0/ijson-3.4.0.post0-cp313-cp313-win32.whl", hash = "sha256:ec5bb1520cb212ebead7dba048bb9b70552c3440584f83b01b0abc96862e2a09", size = 52352, upload-time = "2025-10-10T05:28:29.191Z" },
    { url = "https://files.pythonhosted.org/packages/a9/0c/061f51493e1da21116d74ee8f6a6b9ae06ca5fa2eb53c3b38b64f9a9a5ae/ijson-3.4.0.post0-cp313-cp313-win_amd64.whl", hash = "sha256:3505dff18bdeb8b171eb28af6df34857e2be80dc01e2e3b624e77215ad58897f", size = 54783, upload-time = "2025-10-10T05:28:30.048Z" },
    { url = "https://files.pythonhosted.org/packages/c7/89/4344e176f2c5f5ef3251c9bfa4ddd5b4cf3f9601fd6ec3f677a3ba0b9c71/ijson-3.4.0.post0-cp313-cp313t-macosx_10_13_universal2.whl", hash = "sha256:45a0b1c833ed2620eaf8da958f06ac8351c59e5e470e078400d23814670ed708", size = 92342, upload-time = "2025-10-10T05:28:31.389Z" },
    { url = "https://files.pythonhosted.org/packages/d4/b1/85012c586a6645f9fb8bfa3ef62ed2f303c8d73fc7c2f705111582925980/ijson-3.4.0.post0-cp313-cp313t-macosx_10_13_x86_64.whl", hash = "sha256:7809ec8c8f40228edaaa089f33e811dff4c5b8509702652870d3f286c9682e27", size = 62028, upload-time = "2025-10-10T05:28:32.849Z" },
    { url = "https://files.pythonhosted.org/packages/65/ea/7b7e2815c101d78b33e74d64ddb70cccc377afccd5dda76e566ed3fcb56f/ijson-3.4.0.post0-cp313-cp313t-macosx_11_0_arm64.whl", hash = "sha256:cf4a34c2cfe852aee75c89c05b0a4531c49dc0be27eeed221afd6fbf9c3e149c", size = 61773, upload-time = "2025-10-10T05:28:34.016Z" },
    { url = "https://files.pythonhosted.org/packages/59/7d/2175e599cb77a64f528629bad3ce95dfdf2aa6171d313c1fc00bbfaf0d22/ijson-3.4.0.post0-cp313-cp313t-manylinux1_i686.manylinux_2_28_i686.manylinux_2_5_i686.whl", hash = "sha256:a39d5d36067604b26b78de70b8951c90e9272450642661fe531a8f7a6936a7fa", size = 198562, upload-time = "2025-10-10T05:28:34.878Z" },
    { url = "https://files.pythonhosted.org/packages/13/97/82247c501c92405bb2fc44ab5efb497335bcb9cf0f5d3a0b04a800737bd8/ijson-3.4.0.post0-cp313-cp313t-manylinux2014_aarch64.manylinux_2_17_aarch64.manylinux_2_28_aarch64.whl", hash = "sha256:83fc738d81c9ea686b452996110b8a6678296c481e0546857db24785bff8da92", size = 216212, upload-time = "2025-10-10T05:28:36.208Z" },
    { url = "https://files.pythonhosted.org/packages/95/ca/b956f507bb02e05ce109fd11ab6a2c054f8b686cc5affe41afe50630984d/ijson-3.4.0.post0-cp313-cp313t-manylinux2014_x86_64.manylinux_2_17_x86_64.manylinux_2_28_x86_64.whl", hash = "sha256:b2a81aee91633868f5b40280e2523f7c5392e920a5082f47c5e991e516b483f6", size = 206618, upload-time = "2025-10-10T05:28:37.243Z" },
    { url = "https://files.pythonhosted.org/packages/3e/12/e827840ab81d86a9882e499097934df53294f05155f1acfcb9a211ac1142/ijson-3.4.0.post0-cp313-cp313t-musllinux_1_2_aarch64.whl", hash = "sha256:56169e298c5a2e7196aaa55da78ddc2415876a74fe6304f81b1eb0d3273346f7", size = 210689, upload-time = "2025-10-10T05:28:38.252Z" },
    { url = "https://files.pythonhosted.org/packages/1b/3b/59238d9422c31a4aefa22ebeb8e599e706158a0ab03669ef623be77a499a/ijson-3.4.0.post0-cp313-cp313t-musllinux_1_2_i686.whl", hash = "sha256:eeb9540f0b1a575cbb5968166706946458f98c16e7accc6f2fe71efa29864241", size = 199927, upload-time = "2025-10-10T05:28:39.233Z" },
    { url = "https://files.pythonhosted.org/packages/b6/0f/ec01c36c128c37edb8a5ae8f3de3256009f886338d459210dfe121ee4ba9/ijson-3.4.0.post0-cp313-cp313t-musllinux_1_2_x86_64.whl", hash = "sha256:ba3478ff0bb49d7ba88783f491a99b6e3fa929c930ab062d2bb7837e6a38fe88", size = 204455, upload-time = "2025-10-10T05:28:40.644Z" },
    { url = "https://files.pythonhosted.org/packages/c8/cf/5560e1db96c6d10a5313be76bf5a1754266cbfb5cc13ff64d107829e07b1/ijson-3.4.0.post0-cp313-cp313t-win32.whl", hash = "sha256:b005ce84e82f28b00bf777a464833465dfe3efa43a0a26c77b5ac40723e1a728", size = 54566, upload-time = "2025-10-10T05:28:41.663Z" },
    { url = "https://files.pythonhosted.org/packages/22/5a/cbb69144c3b25dd56f5421ff7dc0cf3051355579062024772518e4f4b3c5/ijson-3.4.0.post0-cp313-cp313t-win_amd64.whl", hash = "sha256:fe9c84c9b1c8798afa407be1cea1603401d99bfc7c34497e19f4f5e5ddc9b441", size = 57298, upload-time = "2025-10-10T05:28:42.881Z" },
    { url = "https://files.pythonhosted.org/packages/af/0b/a4ce8524fd850302bbf5d9f38d07c0fa981fdbe44951d2fcd036935b67dd/ijson-3.4.0.post0-cp314-cp314-macosx_10_13_universal2.whl", hash = "sha256:da6a21b88cbf5ecbc53371283988d22c9643aa71ae2873bbeaefd2dea3b6160b", size = 88361, upload-time = "2025-10-10T05:28:43.73Z" },
    { url = "https://files.pythonhosted.org/packages/be/90/a5e5f33e46f28174a9c8142d12dcb3d26ce358d9a2230b9b15f5c987b3a5/ijson-3.4.0.post0-cp314-cp314-macosx_10_13_x86_64.whl", hash = "sha256:cf24a48a1c3ca9d44a04feb59ccefeb9aa52bb49b9cb70ad30518c25cce74bb7", size = 59960, upload-time = "2025-10-10T05:28:44.585Z" },
    { url = "https://files.pythonhosted.org/packages/83/e2/551dd7037dda759aa0ce53f0d3d7be03b03c6b05c0b0a5d5ab7a47e6b4b1/ijson-3.4.0.post0-cp314-cp314-macosx_11_0_arm64.whl", hash = "sha256:d14427d366f95f21adcb97d0ed1f6d30f6fdc04d0aa1e4de839152c50c2b8d65", size = 59957, upload-time = "2025-10-10T05:28:45.748Z" },
    { url = "https://files.pythonhosted.org/packages/ac/b9/3006384f85cc26cf83dbbd542d362cc336f1e1ddd491e32147cfa46ea8ae/ijson-3.4.0.post0-cp314-cp314-manylinux1_i686.manylinux_2_28_i686.manylinux_2_5_i686.whl", hash = "sha256:339d49f6c5d24051c85d9226be96d2d56e633cb8b7d09dd8099de8d8b51a97e2", size = 139967, upload-time = "2025-10-10T05:28:47.229Z" },
    { url = "https://files.pythonhosted.org/packages/77/3b/b5234add8115cbfe8635b6c152fb527327f45e4c0f0bf2e93844b36b5217/ijson-3.4.0.post0-cp314-cp314-manylinux2014_aarch64.manylinux_2_17_aarch64.manylinux_2_28_aarch64.whl", hash = "sha256:7206afcb396aaef66c2b066997b4e9d9042c4b7d777f4d994e9cec6d322c2fe6", size = 149196, upload-time = "2025-10-10T05:28:48.226Z" },
    { url = "https://files.pythonhosted.org/packages/a2/d2/c4ae543e37d7a9fba09740c221976a63705dbad23a9cda9022fc9fa0f3de/ijson-3.4.0.post0-cp314-cp314-manylinux2014_x86_64.manylinux_2_17_x86_64.manylinux_2_28_x86_64.whl", hash = "sha256:c8dd327da225887194fe8b93f2b3c9c256353e14a6b9eefc940ed17fde38f5b8", size = 148516, upload-time = "2025-10-10T05:28:49.237Z" },
    { url = "https://files.pythonhosted.org/packages/0d/a1/914b5fb1c26af2474cd04841626e0e95576499a4ca940661fb105ee12dd2/ijson-3.4.0.post0-cp314-cp314-musllinux_1_2_aarch64.whl", hash = "sha256:4810546e66128af51fd4a0c9a640e84e8508e9c15c4f247d8a3e3253b20e1465", size = 149770, upload-time = "2025-10-10T05:28:50.501Z" },
    { url = "https://files.pythonhosted.org/packages/7a/c1/51c3584102d0d85d4aa10cc88dbbe431ecb9fe98160a9e2fad62a4456aed/ijson-3.4.0.post0-cp314-cp314-musllinux_1_2_i686.whl", hash = "sha256:103a0838061297d063bca81d724b0958b616f372bd893bbc278320152252c652", size = 143688, upload-time = "2025-10-10T05:28:51.823Z" },
    { url = "https://files.pythonhosted.org/packages/47/3d/a54f13d766332620bded8ee76bcdd274509ecc53cf99573450f95b3ad910/ijson-3.4.0.post0-cp314-cp314-musllinux_1_2_x86_64.whl", hash = "sha256:40007c977e230e04118b27322f25a72ae342a3d61464b2057fcd9b21eeb7427a", size = 150688, upload-time = "2025-10-10T05:28:52.757Z" },
    { url = "https://files.pythonhosted.org/packages/72/49/43d97cccf3266da7c044bd42e5083340ad1fd97fbb16d1bcd6791fd8918f/ijson-3.4.0.post0-cp314-cp314-win32.whl", hash = "sha256:f932969fc1fd4449ca141cf5f47ff357656a154a361f28d9ebca0badc5b02297", size = 52882, upload-time = "2025-10-10T05:28:53.708Z" },
    { url = "https://files.pythonhosted.org/packages/e9/f0/008f1ed4e0fc6f6dc7a5a82ecf08a59bb212514e158954374d440d700e6c/ijson-3.4.0.post0-cp314-cp314-win_amd64.whl", hash = "sha256:3ed19b1e4349240773a8ce4a4bfa450892d4a57949c02c515cd6be5a46b7696a", size = 55568, upload-time = "2025-10-10T05:28:54.79Z" },
    { url = "https://files.pythonhosted.org/packages/69/1c/8a199fded709e762aced89bb7086973c837e432dd714bbad78a6ac789c23/ijson-3.4.0.post0-cp314-cp314t-macosx_10_13_universal2.whl", hash = "sha256:226447e40ca9340a39ed07d68ea02ee14b52cb4fe649425b256c1f0073531c83", size = 92345, upload-time = "2025-10-10T05:28:55.657Z" },
    { url = "https://files.pythonhosted.org/packages/be/60/04e97f6a403203bd2eb8849570bdce5719d696b5fb96aa2a62566fe7a1d9/ijson-3.4.0.post0-cp314-cp314t-macosx_10_13_x86_64.whl", hash = "sha256:2c88f0669d45d4b1aa017c9b68d378e7cd15d188dfb6f0209adc78b7f45590a7", size = 62029, upload-time = "2025-10-10T05:28:56.561Z" },
    { url = "https://files.pythonhosted.org/packages/2a/97/e88295f9456ba939d90d4603af28fcabda3b443ef55e709e9381df3daa58/ijson-3.4.0.post0-cp314-cp314t-macosx_11_0_arm64.whl", hash = "sha256:56b3089dc28c12492d92cc4896d2be585a89ecae34e25d08c1df88f21815cb50", size = 61776, upload-time = "2025-10-10T05:28:57.401Z" },
    { url = "https://files.pythonhosted.org/packages/1b/9f/0e9c236e720c2de887ab0d7cad8a15d2aa55fb449f792437fc99899957a9/ijson-3.4.0.post0-cp314-cp314t-manylinux1_i686.manylinux_2_28_i686.manylinux_2_5_i686.whl", hash = "sha256:c117321cfa7b749cc1213f9b4c80dc958f0a206df98ec038ae4bcbbdb8463a15", size = 199808, upload-time = "2025-10-10T05:28:58.62Z" },
    { url = "https://files.pythonhosted.org/packages/0e/70/c21de30e7013e074924cd82057acfc5760e7b2cc41180f80770621b0ad36/ijson-3.4.0.post0-cp314-cp314t-manylinux2014_aarch64.manylinux_2_17_aarch64.manylinux_2_28_aarch64.whl", hash = "sha256:8311f48db6a33116db5c81682f08b6e2405501a4b4e460193ae69fec3cd1f87a", size = 217152, upload-time = "2025-10-10T05:28:59.656Z" },
    { url = "https://files.pythonhosted.org/packages/64/78/63a0bcc0707037df4e22bb836451279d850592258c859685a402c27f5d6d/ijson-3.4.0.post0-cp314-cp314t-manylinux2014_x86_64.manylinux_2_17_x86_64.manylinux_2_28_x86_64.whl", hash = "sha256:91c61a3e63e04da648737e6b4abd537df1b46fb8cdf3219b072e790bb3c1a46b", size = 207663, upload-time = "2025-10-10T05:29:00.73Z" },
    { url = "https://files.pythonhosted.org/packages/7d/85/834e9838d69893cb7567e1210be044444213c78f7414aaf1cd241df16078/ijson-3.4.0.post0-cp314-cp314t-musllinux_1_2_aarch64.whl", hash = "sha256:1709171023ce82651b2f132575c2e6282e47f64ad67bd3260da476418d0e7895", size = 211157, upload-time = "2025-10-10T05:29:01.87Z" },
    { url = "https://files.pythonhosted.org/packages/2e/9b/9fda503799ebc30397710552e5dedc1d98d9ea6a694e5717415892623a94/ijson-3.4.0.post0-cp314-cp314t-musllinux_1_2_i686.whl", hash = "sha256:5f0a72b1e3c0f78551670c12b2fdc1bf05f2796254d9c2055ba319bec2216020", size = 200231, upload-time = "2025-10-10T05:29:02.883Z" },
    { url = "https://files.pythonhosted.org/packages/15/f3/6419d1d5795a16591233d3aa3747b084e82c0c1d7184bdad9be638174560/ijson-3.4.0.post0-cp314-cp314t-musllinux_1_2_x86_64.whl", hash = "sha256:b982a3597b0439ce9c8f4cfc929d86c6ed43907908be1e8463a34dc35fe5b258", size = 204825, upload-time = "2025-10-10T05:29:04.242Z" },
    { url = "https://files.pythonhosted.org/packages/1f/8d/a520e6902129c55fa94428ea0a22e8547540d5e7ca30f18b39594a5feea2/ijson-3.4.0.post0-cp314-cp314t-win32.whl", hash = "sha256:4e39bfdc36b0b460ef15a06550a6a385c64c81f7ac205ccff39bd45147918912", size = 55559, upload-time = "2025-10-10T05:29:05.681Z" },
    { url = "https://files.pythonhosted.org/packages/20/67/0ac6dd0045957ba1270b7b1860864f7d8cea4062e70b1083134c587e5768/ijson-3.4.0.post0-cp314-cp314t-win_amd64.whl", hash = "sha256:17e45262a5ddef39894013fb1548ee7094e444c8389eb1a97f86708b19bea03e", size = 58238, upload-time = "2025-10-10T05:29:06.656Z" },
]

[[package]]
name = "iniconfig"
version = "2.3.0"
source = { registry = "https://pypi.org/simple" }
sdist = { url = "https://files.pythonhosted.org/packages/72/34/14ca021ce8e5dfedc35312d08ba8bf51fdd999c576889fc2c24cb97f4f10/iniconfig-2.3.0.tar.gz", hash = "sha256:c76315c77db068650d49c5b56314774a7804df16fee4402c1f19d6d15d8c4730", size = 20503, upload-time = "2025-10-18T21:55:43.219Z" }
wheels = [
    { url = "https://files.pythonhosted.org/packages/cb/b1/3846dd7f199d53cb17f49cba7e651e9ce294d8497c8c150530ed11865bb8/iniconfig-2.3.0-py3-none-any.whl", hash = "sha256:f631c04d2c48c52b84d0d0549c99ff3859c98df65b3101406327ecc7d53fbf12", size = 7484, upload-time = "2025-10-18T21:55:41.639Z" },
]

[[package]]
name = "librt"
version = "0.7.5"
source = { registry = "https://pypi.org/simple" }
sdist = { url = "https://files.pythonhosted.org/packages/b5/8a/071f6628363d83e803d4783e0cd24fb9c5b798164300fcfaaa47c30659c0/librt-0.7.5.tar.gz", hash = "sha256:de4221a1181fa9c8c4b5f35506ed6f298948f44003d84d2a8b9885d7e01e6cfa", size = 145868, upload-time = "2025-12-25T03:53:16.039Z" }
wheels = [
    { url = "https://files.pythonhosted.org/packages/33/9d/cb0a296cee177c0fee7999ada1c1af7eee0e2191372058814a4ca6d2baf0/librt-0.7.5-cp312-cp312-macosx_10_13_x86_64.whl", hash = "sha256:ba1077c562a046208a2dc6366227b3eeae8f2c2ab4b41eaf4fd2fa28cece4203", size = 55689, upload-time = "2025-12-25T03:52:14.041Z" },
    { url = "https://files.pythonhosted.org/packages/79/5c/d7de4d4228b74c5b81a3fbada157754bb29f0e1f8c38229c669a7f90422a/librt-0.7.5-cp312-cp312-macosx_11_0_arm64.whl", hash = "sha256:654fdc971c76348a73af5240d8e2529265b9a7ba6321e38dd5bae7b0d4ab3abe", size = 57142, upload-time = "2025-12-25T03:52:15.336Z" },
    { url = "https://files.pythonhosted.org/packages/e5/b2/5da779184aae369b69f4ae84225f63741662a0fe422e91616c533895d7a4/librt-0.7.5-cp312-cp312-manylinux1_i686.manylinux_2_28_i686.manylinux_2_5_i686.whl", hash = "sha256:6b7b58913d475911f6f33e8082f19dd9b120c4f4a5c911d07e395d67b81c6982", size = 165323, upload-time = "2025-12-25T03:52:16.384Z" },
    { url = "https://files.pythonhosted.org/packages/5a/40/6d5abc15ab6cc70e04c4d201bb28baffff4cfb46ab950b8e90935b162d58/librt-0.7.5-cp312-cp312-manylinux2014_aarch64.manylinux_2_17_aarch64.manylinux_2_28_aarch64.whl", hash = "sha256:b8e0fd344bad57026a8f4ccfaf406486c2fc991838050c2fef156170edc3b775", size = 174218, upload-time = "2025-12-25T03:52:17.518Z" },
    { url = "https://files.pythonhosted.org/packages/0d/d0/5239a8507e6117a3cb59ce0095bdd258bd2a93d8d4b819a506da06d8d645/librt-0.7.5-cp312-cp312-manylinux2014_x86_64.manylinux_2_17_x86_64.manylinux_2_28_x86_64.whl", hash = "sha256:46aa91813c267c3f60db75d56419b42c0c0b9748ec2c568a0e3588e543fb4233", size = 189007, upload-time = "2025-12-25T03:52:18.585Z" },
    { url = "https://files.pythonhosted.org/packages/1f/a4/8eed1166ffddbb01c25363e4c4e655f4bac298debe9e5a2dcfaf942438a1/librt-0.7.5-cp312-cp312-musllinux_1_2_aarch64.whl", hash = "sha256:ddc0ab9dbc5f9ceaf2bf7a367bf01f2697660e908f6534800e88f43590b271db", size = 183962, upload-time = "2025-12-25T03:52:19.723Z" },
    { url = "https://files.pythonhosted.org/packages/a1/83/260e60aab2f5ccba04579c5c46eb3b855e51196fde6e2bcf6742d89140a8/librt-0.7.5-cp312-cp312-musllinux_1_2_i686.whl", hash = "sha256:7a488908a470451338607650f1c064175094aedebf4a4fa37890682e30ce0b57", size = 177611, upload-time = "2025-12-25T03:52:21.18Z" },
    { url = "https://files.pythonhosted.org/packages/c4/36/6dcfed0df41e9695665462bab59af15b7ed2b9c668d85c7ebadd022cbb76/librt-0.7.5-cp312-cp312-musllinux_1_2_x86_64.whl", hash = "sha256:e47fc52602ffc374e69bf1b76536dc99f7f6dd876bd786c8213eaa3598be030a", size = 199273, upload-time = "2025-12-25T03:52:22.25Z" },
    { url = "https://files.pythonhosted.org/packages/a6/b7/157149c8cffae6bc4293a52e0267860cee2398cb270798d94f1c8a69b9ae/librt-0.7.5-cp312-cp312-win32.whl", hash = "sha256:cda8b025875946ffff5a9a7590bf9acde3eb02cb6200f06a2d3e691ef3d9955b", size = 43191, upload-time = "2025-12-25T03:52:23.643Z" },
    { url = "https://files.pythonhosted.org/packages/f8/91/197dfeb8d3bdeb0a5344d0d8b3077f183ba5e76c03f158126f6072730998/librt-0.7.5-cp312-cp312-win_amd64.whl", hash = "sha256:b591c094afd0ffda820e931148c9e48dc31a556dc5b2b9b3cc552fa710d858e4", size = 49462, upload-time = "2025-12-25T03:52:24.637Z" },
    { url = "https://files.pythonhosted.org/packages/03/ea/052a79454cc52081dfaa9a1c4c10a529f7a6a6805b2fac5805fea5b25975/librt-0.7.5-cp312-cp312-win_arm64.whl", hash = "sha256:532ddc6a8a6ca341b1cd7f4d999043e4c71a212b26fe9fd2e7f1e8bb4e873544", size = 42830, upload-time = "2025-12-25T03:52:25.944Z" },
    { url = "https://files.pythonhosted.org/packages/9f/9a/8f61e16de0ff76590af893cfb5b1aa5fa8b13e5e54433d0809c7033f59ed/librt-0.7.5-cp313-cp313-macosx_10_13_x86_64.whl", hash = "sha256:b1795c4b2789b458fa290059062c2f5a297ddb28c31e704d27e161386469691a", size = 55750, upload-time = "2025-12-25T03:52:26.975Z" },
    { url = "https://files.pythonhosted.org/packages/05/7c/a8a883804851a066f301e0bad22b462260b965d5c9e7fe3c5de04e6f91f8/librt-0.7.5-cp313-cp313-macosx_11_0_arm64.whl", hash = "sha256:2fcbf2e135c11f721193aa5f42ba112bb1046afafbffd407cbc81d8d735c74d0", size = 57170, upload-time = "2025-12-25T03:52:27.948Z" },
    { url = "https://files.pythonhosted.org/packages/d6/5d/b3b47facf5945be294cf8a835b03589f70ee0e791522f99ec6782ed738b3/librt-0.7.5-cp313-cp313-manylinux1_i686.manylinux_2_28_i686.manylinux_2_5_i686.whl", hash = "sha256:c039bbf79a9a2498404d1ae7e29a6c175e63678d7a54013a97397c40aee026c5", size = 165834, upload-time = "2025-12-25T03:52:29.09Z" },
    { url = "https://files.pythonhosted.org/packages/b4/b6/b26910cd0a4e43e5d02aacaaea0db0d2a52e87660dca08293067ee05601a/librt-0.7.5-cp313-cp313-manylinux2014_aarch64.manylinux_2_17_aarch64.manylinux_2_28_aarch64.whl", hash = "sha256:3919c9407faeeee35430ae135e3a78acd4ecaaaa73767529e2c15ca1d73ba325", size = 174820, upload-time = "2025-12-25T03:52:30.463Z" },
    { url = "https://files.pythonhosted.org/packages/a5/a3/81feddd345d4c869b7a693135a462ae275f964fcbbe793d01ea56a84c2ee/librt-0.7.5-cp313-cp313-manylinux2014_x86_64.manylinux_2_17_x86_64.manylinux_2_28_x86_64.whl", hash = "sha256:26b46620e1e0e45af510d9848ea0915e7040605dd2ae94ebefb6c962cbb6f7ec", size = 189609, upload-time = "2025-12-25T03:52:31.492Z" },
    { url = "https://files.pythonhosted.org/packages/ce/a9/31310796ef4157d1d37648bf4a3b84555319f14cee3e9bad7bdd7bfd9a35/librt-0.7.5-cp313-cp313-musllinux_1_2_aarch64.whl", hash = "sha256:9bbb8facc5375476d392990dd6a71f97e4cb42e2ac66f32e860f6e47299d5e89", size = 184589, upload-time = "2025-12-25T03:52:32.59Z" },
    { url = "https://files.pythonhosted.org/packages/32/22/da3900544cb0ac6ab7a2857850158a0a093b86f92b264aa6c4a4f2355ff3/librt-0.7.5-cp313-cp313-musllinux_1_2_i686.whl", hash = "sha256:e9e9c988b5ffde7be02180f864cbd17c0b0c1231c235748912ab2afa05789c25", size = 178251, upload-time = "2025-12-25T03:52:33.745Z" },
    { url = "https://files.pythonhosted.org/packages/db/77/78e02609846e78b9b8c8e361753b3dbac9a07e6d5b567fe518de9e074ab0/librt-0.7.5-cp313-cp313-musllinux_1_2_x86_64.whl", hash = "sha256:edf6b465306215b19dbe6c3fb63cf374a8f3e1ad77f3b4c16544b83033bbb67b", size = 199852, upload-time = "2025-12-25T03:52:34.826Z" },
    { url = "https://files.pythonhosted.org/packages/2a/25/05706f6b346429c951582f1b3561f4d5e1418d0d7ba1a0c181237cd77b3b/librt-0.7.5-cp313-cp313-win32.whl", hash = "sha256:060bde69c3604f694bd8ae21a780fe8be46bb3dbb863642e8dfc75c931ca8eee", size = 43250, upload-time = "2025-12-25T03:52:35.905Z" },
    { url = "https://files.pythonhosted.org/packages/d9/59/c38677278ac0b9ae1afc611382ef6c9ea87f52ad257bd3d8d65f0eacdc6a/librt-0.7.5-cp313-cp313-win_amd64.whl", hash = "sha256:a82d5a0ee43aeae2116d7292c77cc8038f4841830ade8aa922e098933b468b9e", size = 49421, upload-time = "2025-12-25T03:52:36.895Z" },
    { url = "https://files.pythonhosted.org/packages/c0/47/1d71113df4a81de5fdfbd3d7244e05d3d67e89f25455c3380ca50b92741e/librt-0.7.5-cp313-cp313-win_arm64.whl", hash = "sha256:3c98a8d0ac9e2a7cb8ff8c53e5d6e8d82bfb2839abf144fdeaaa832f2a12aa45", size = 42827, upload-time = "2025-12-25T03:52:37.856Z" },
    { url = "https://files.pythonhosted.org/packages/97/ae/8635b4efdc784220f1378be640d8b1a794332f7f6ea81bb4859bf9d18aa7/librt-0.7.5-cp314-cp314-macosx_10_13_x86_64.whl", hash = "sha256:9937574e6d842f359b8585903d04f5b4ab62277a091a93e02058158074dc52f2", size = 55191, upload-time = "2025-12-25T03:52:38.839Z" },
    { url = "https://files.pythonhosted.org/packages/52/11/ed7ef6955dc2032af37db9b0b31cd5486a138aa792e1bb9e64f0f4950e27/librt-0.7.5-cp314-cp314-macosx_11_0_arm64.whl", hash = "sha256:5cd3afd71e9bc146203b6c8141921e738364158d4aa7cdb9a874e2505163770f", size = 56894, upload-time = "2025-12-25T03:52:39.805Z" },
    { url = "https://files.pythonhosted.org/packages/24/f1/02921d4a66a1b5dcd0493b89ce76e2762b98c459fe2ad04b67b2ea6fdd39/librt-0.7.5-cp314-cp314-manylinux1_i686.manylinux_2_28_i686.manylinux_2_5_i686.whl", hash = "sha256:9cffa3ef0af29687455161cb446eff059bf27607f95163d6a37e27bcb37180f6", size = 163726, upload-time = "2025-12-25T03:52:40.79Z" },
    { url = "https://files.pythonhosted.org/packages/65/87/27df46d2756fcb7a82fa7f6ca038a0c6064c3e93ba65b0b86fbf6a4f76a2/librt-0.7.5-cp314-cp314-manylinux2014_aarch64.manylinux_2_17_aarch64.manylinux_2_28_aarch64.whl", hash = "sha256:82f3f088482e2229387eadf8215c03f7726d56f69cce8c0c40f0795aebc9b361", size = 172470, upload-time = "2025-12-25T03:52:42.226Z" },
    { url = "https://files.pythonhosted.org/packages/9f/a9/e65a35e5d423639f4f3d8e17301ff13cc41c2ff97677fe9c361c26dbfbb7/librt-0.7.5-cp314-cp314-manylinux2014_x86_64.manylinux_2_17_x86_64.manylinux_2_28_x86_64.whl", hash = "sha256:d7aa33153a5bb0bac783d2c57885889b1162823384e8313d47800a0e10d0070e", size = 186807, upload-time = "2025-12-25T03:52:43.688Z" },
    { url = "https://files.pythonhosted.org/packages/d7/b0/ac68aa582a996b1241773bd419823290c42a13dc9f494704a12a17ddd7b6/librt-0.7.5-cp314-cp314-musllinux_1_2_aarch64.whl", hash = "sha256:265729b551a2dd329cc47b323a182fb7961af42abf21e913c9dd7d3331b2f3c2", size = 181810, upload-time = "2025-12-25T03:52:45.095Z" },
    { url = "https://files.pythonhosted.org/packages/e1/c1/03f6717677f20acd2d690813ec2bbe12a2de305f32c61479c53f7b9413bc/librt-0.7.5-cp314-cp314-musllinux_1_2_i686.whl", hash = "sha256:168e04663e126416ba712114050f413ac306759a1791d87b7c11d4428ba75760", size = 175599, upload-time = "2025-12-25T03:52:46.177Z" },
    { url = "https://files.pythonhosted.org/packages/01/d7/f976ff4c07c59b69bb5eec7e5886d43243075bbef834428124b073471c86/librt-0.7.5-cp314-cp314-musllinux_1_2_x86_64.whl", hash = "sha256:553dc58987d1d853adda8aeadf4db8e29749f0b11877afcc429a9ad892818ae2", size = 196506, upload-time = "2025-12-25T03:52:47.327Z" },
    { url = "https://files.pythonhosted.org/packages/b7/74/004f068b8888e61b454568b5479f88018fceb14e511ac0609cccee7dd227/librt-0.7.5-cp314-cp314-win32.whl", hash = "sha256:263f4fae9eba277513357c871275b18d14de93fd49bf5e43dc60a97b81ad5eb8", size = 39747, upload-time = "2025-12-25T03:52:48.437Z" },
    { url = "https://files.pythonhosted.org/packages/37/b1/ea3ec8fcf5f0a00df21f08972af77ad799604a306db58587308067d27af8/librt-0.7.5-cp314-cp314-win_amd64.whl", hash = "sha256:85f485b7471571e99fab4f44eeb327dc0e1f814ada575f3fa85e698417d8a54e", size = 45970, upload-time = "2025-12-25T03:52:49.389Z" },
    { url = "https://files.pythonhosted.org/packages/5d/30/5e3fb7ac4614a50fc67e6954926137d50ebc27f36419c9963a94f931f649/librt-0.7.5-cp314-cp314-win_arm64.whl", hash = "sha256:49c596cd18e90e58b7caa4d7ca7606049c1802125fcff96b8af73fa5c3870e4d", size = 39075, upload-time = "2025-12-25T03:52:50.395Z" },
    { url = "https://files.pythonhosted.org/packages/a4/7f/0af0a9306a06c2aabee3a790f5aa560c50ec0a486ab818a572dd3db6c851/librt-0.7.5-cp314-cp314t-macosx_10_13_x86_64.whl", hash = "sha256:54d2aef0b0f5056f130981ad45081b278602ff3657fe16c88529f5058038e802", size = 57375, upload-time = "2025-12-25T03:52:51.439Z" },
    { url = "https://files.pythonhosted.org/packages/57/1f/c85e510baf6572a3d6ef40c742eacedc02973ed2acdb5dba2658751d9af8/librt-0.7.5-cp314-cp314t-macosx_11_0_arm64.whl", hash = "sha256:0b4791202296ad51ac09a3ff58eb49d9da8e3a4009167a6d76ac418a974e5fd4", size = 59234, upload-time = "2025-12-25T03:52:52.687Z" },
    { url = "https://files.pythonhosted.org/packages/49/b1/bb6535e4250cd18b88d6b18257575a0239fa1609ebba925f55f51ae08e8e/librt-0.7.5-cp314-cp314t-manylinux1_i686.manylinux_2_28_i686.manylinux_2_5_i686.whl", hash = "sha256:6e860909fea75baef941ee6436e0453612505883b9d0d87924d4fda27865b9a2", size = 183873, upload-time = "2025-12-25T03:52:53.705Z" },
    { url = "https://files.pythonhosted.org/packages/8e/49/ad4a138cca46cdaa7f0e15fa912ce3ccb4cc0d4090bfeb8ccc35766fa6d5/librt-0.7.5-cp314-cp314t-manylinux2014_aarch64.manylinux_2_17_aarch64.manylinux_2_28_aarch64.whl", hash = "sha256:f02c4337bf271c4f06637f5ff254fad2238c0b8e32a3a480ebb2fc5e26f754a5", size = 194609, upload-time = "2025-12-25T03:52:54.884Z" },
    { url = "https://files.pythonhosted.org/packages/9c/2d/3b3cb933092d94bb2c1d3c9b503d8775f08d806588c19a91ee4d1495c2a8/librt-0.7.5-cp314-cp314t-manylinux2014_x86_64.manylinux_2_17_x86_64.manylinux_2_28_x86_64.whl", hash = "sha256:f7f51ffe59f4556243d3cc82d827bde74765f594fa3ceb80ec4de0c13ccd3416", size = 206777, upload-time = "2025-12-25T03:52:55.969Z" },
    { url = "https://files.pythonhosted.org/packages/3a/52/6e7611d3d1347812233dabc44abca4c8065ee97b83c9790d7ecc3f782bc8/librt-0.7.5-cp314-cp314t-musllinux_1_2_aarch64.whl", hash = "sha256:0b7f080ba30601dfa3e3deed3160352273e1b9bc92e652f51103c3e9298f7899", size = 203208, upload-time = "2025-12-25T03:52:57.036Z" },
    { url = "https://files.pythonhosted.org/packages/27/aa/466ae4654bd2d45903fbf180815d41e3ae8903e5a1861f319f73c960a843/librt-0.7.5-cp314-cp314t-musllinux_1_2_i686.whl", hash = "sha256:fb565b4219abc8ea2402e61c7ba648a62903831059ed3564fa1245cc245d58d7", size = 196698, upload-time = "2025-12-25T03:52:58.481Z" },
    { url = "https://files.pythonhosted.org/packages/97/8f/424f7e4525bb26fe0d3e984d1c0810ced95e53be4fd867ad5916776e18a3/librt-0.7.5-cp314-cp314t-musllinux_1_2_x86_64.whl", hash = "sha256:8a3cfb15961e7333ea6ef033dc574af75153b5c230d5ad25fbcd55198f21e0cf", size = 217194, upload-time = "2025-12-25T03:52:59.575Z" },
    { url = "https://files.pythonhosted.org/packages/9e/33/13a4cb798a171b173f3c94db23adaf13a417130e1493933dc0df0d7fb439/librt-0.7.5-cp314-cp314t-win32.whl", hash = "sha256:118716de5ad6726332db1801bc90fa6d94194cd2e07c1a7822cebf12c496714d", size = 40282, upload-time = "2025-12-25T03:53:01.091Z" },
    { url = "https://files.pythonhosted.org/packages/5f/f1/62b136301796399d65dad73b580f4509bcbd347dff885a450bff08e80cb6/librt-0.7.5-cp314-cp314t-win_amd64.whl", hash = "sha256:3dd58f7ce20360c6ce0c04f7bd9081c7f9c19fc6129a3c705d0c5a35439f201d", size = 46764, upload-time = "2025-12-25T03:53:02.381Z" },
    { url = "https://files.pythonhosted.org/packages/49/cb/940431d9410fda74f941f5cd7f0e5a22c63be7b0c10fa98b2b7022b48cb1/librt-0.7.5-cp314-cp314t-win_arm64.whl", hash = "sha256:08153ea537609d11f774d2bfe84af39d50d5c9ca3a4d061d946e0c9d8bce04a1", size = 39728, upload-time = "2025-12-25T03:53:03.306Z" },
]

[[package]]
name = "machineacs"
version = "0.1.0"
source = { editable = "." }
dependencies = [
    { name = "ijson" },
    { name = "mypy" },
    { name = "pyspellchecker" },
]

[package.dev-dependencies]
dev = [
    { name = "pytest" },
]

[package.metadata]
requires-dist = [
    { name = "ijson", specifier = ">=3.4.0.post0" },
    { name = "mypy", specifier = ">=1.19.1" },
    { name = "pyspellchecker", specifier = ">=0.8.4" },
]

[package.metadata.requires-dev]
dev = [{ name = "pytest", specifier = ">=9.0.2" }]

[[package]]
name = "mypy"
version = "1.19.1"
source = { registry = "https://pypi.org/simple" }
dependencies = [
    { name = "librt", marker = "platform_python_implementation != 'PyPy'" },
    { name = "mypy-extensions" },
    { name = "pathspec" },
    { name = "typing-extensions" },
]
sdist = { url = "https://files.pythonhosted.org/packages/f5/db/4efed9504bc01309ab9c2da7e352cc223569f05478012b5d9ece38fd44d2/mypy-1.19.1.tar.gz", hash = "sha256:19d88bb05303fe63f71dd2c6270daca27cb9401c4ca8255fe50d1d920e0eb9ba", size = 3582404, upload-time = "2025-12-15T05:03:48.42Z" }
wheels = [
    { url = "https://files.pythonhosted.org/packages/06/8a/19bfae96f6615aa8a0604915512e0289b1fad33d5909bf7244f02935d33a/mypy-1.19.1-cp312-cp312-macosx_10_13_x86_64.whl", hash = "sha256:a8174a03289288c1f6c46d55cef02379b478bfbc8e358e02047487cad44c6ca1", size = 13206053, upload-time = "2025-12-15T05:03:46.622Z" },
    { url = "https://files.pythonhosted.org/packages/a5/34/3e63879ab041602154ba2a9f99817bb0c85c4df19a23a1443c8986e4d565/mypy-1.19.1-cp312-cp312-macosx_11_0_arm64.whl", hash = "sha256:ffcebe56eb09ff0c0885e750036a095e23793ba6c2e894e7e63f6d89ad51f22e", size = 12219134, upload-time = "2025-12-15T05:03:24.367Z" },
    { url = "https://files.pythonhosted.org/packages/89/cc/2db6f0e95366b630364e09845672dbee0cbf0bbe753a204b29a944967cd9/mypy-1.19.1-cp312-cp312-manylinux2014_aarch64.manylinux_2_17_aarch64.manylinux_2_28_aarch64.whl", hash = "sha256:b64d987153888790bcdb03a6473d321820597ab8dd9243b27a92153c4fa50fd2", size = 12731616, upload-time = "2025-12-15T05:02:44.725Z" },
    { url = "https://files.pythonhosted.org/packages/00/be/dd56c1fd4807bc1eba1cf18b2a850d0de7bacb55e158755eb79f77c41f8e/mypy-1.19.1-cp312-cp312-manylinux2014_x86_64.manylinux_2_17_x86_64.manylinux_2_28_x86_64.whl", hash = "sha256:c35d298c2c4bba75feb2195655dfea8124d855dfd7343bf8b8c055421eaf0cf8", size = 13620847, upload-time = "2025-12-15T05:03:39.633Z" },
    { url = "https://files.pythonhosted.org/packages/6d/42/332951aae42b79329f743bf1da088cd75d8d4d9acc18fbcbd84f26c1af4e/mypy-1.19.1-cp312-cp312-musllinux_1_2_x86_64.whl", hash = "sha256:34c81968774648ab5ac09c29a375fdede03ba253f8f8287847bd480782f73a6a", size = 13834976, upload-time = "2025-12-15T05:03:08.786Z" },
    { url = "https://files.pythonhosted.org/packages/6f/63/e7493e5f90e1e085c562bb06e2eb32cae27c5057b9653348d38b47daaecc/mypy-1.19.1-cp312-cp312-win_amd64.whl", hash = "sha256:b10e7c2cd7870ba4ad9b2d8a6102eb5ffc1f16ca35e3de6bfa390c1113029d13", size = 10118104, upload-time = "2025-12-15T05:03:10.834Z" },
    { url = "https://files.pythonhosted.org/packages/de/9f/a6abae693f7a0c697dbb435aac52e958dc8da44e92e08ba88d2e42326176/mypy-1.19.1-cp313-cp313-macosx_10_13_x86_64.whl", hash = "sha256:e3157c7594ff2ef1634ee058aafc56a82db665c9438fd41b390f3bde1ab12250", size = 13201927, upload-time = "2025-12-15T05:02:29.138Z" },
    { url = "https://files.pythonhosted.org/packages/9a/a4/45c35ccf6e1c65afc23a069f50e2c66f46bd3798cbe0d680c12d12935caa/mypy-1.19.1-cp313-cp313-macosx_11_0_arm64.whl", hash = "sha256:bdb12f69bcc02700c2b47e070238f42cb87f18c0bc1fc4cdb4fb2bc5fd7a3b8b", size = 12206730, upload-time = "2025-12-15T05:03:01.325Z" },
    { url = "https://files.pythonhosted.org/packages/05/bb/cdcf89678e26b187650512620eec8368fded4cfd99cfcb431e4cdfd19dec/mypy-1.19.1-cp313-cp313-manylinux2014_aarch64.manylinux_2_17_aarch64.manylinux_2_28_aarch64.whl", hash = "sha256:f859fb09d9583a985be9a493d5cfc5515b56b08f7447759a0c5deaf68d80506e", size = 12724581, upload-time = "2025-12-15T05:03:20.087Z" },
    { url = "https://files.pythonhosted.org/packages/d1/32/dd260d52babf67bad8e6770f8e1102021877ce0edea106e72df5626bb0ec/mypy-1.19.1-cp313-cp313-manylinux2014_x86_64.manylinux_2_17_x86_64.manylinux_2_28_x86_64.whl", hash = "sha256:c9a6538e0415310aad77cb94004ca6482330fece18036b5f360b62c45814c4ef", size = 13616252, upload-time = "2025-12-15T05:02:49.036Z" },
    { url = "https://files.pythonhosted.org/packages/71/d0/5e60a9d2e3bd48432ae2b454b7ef2b62a960ab51292b1eda2a95edd78198/mypy-1.19.1-cp313-cp313-musllinux_1_2_x86_64.whl", hash = "sha256:da4869fc5e7f62a88f3fe0b5c919d1d9f7ea3cef92d3689de2823fd27e40aa75", size = 13840848, upload-time = "2025-12-15T05:02:55.95Z" },
    { url = "https://files.pythonhosted.org/packages/98/76/d32051fa65ecf6cc8c6610956473abdc9b4c43301107476ac03559507843/mypy-1.19.1-cp313-cp313-win_amd64.whl", hash = "sha256:016f2246209095e8eda7538944daa1d60e1e8134d98983b9fc1e92c1fc0cb8dd", size = 10135510, upload-time = "2025-12-15T05:02:58.438Z" },
    { url = "https://files.pythonhosted.org/packages/de/eb/b83e75f4c820c4247a58580ef86fcd35165028f191e7e1ba57128c52782d/mypy-1.19.1-cp314-cp314-macosx_10_15_x86_64.whl", hash = "sha256:06e6170bd5836770e8104c8fdd58e5e725cfeb309f0a6c681a811f557e97eac1", size = 13199744, upload-time = "2025-12-15T05:03:30.823Z" },
    { url = "https://files.pythonhosted.org/packages/94/28/52785ab7bfa165f87fcbb61547a93f98bb20e7f82f90f165a1f69bce7b3d/mypy-1.19.1-cp314-cp314-macosx_11_0_arm64.whl", hash = "sha256:804bd67b8054a85447c8954215a906d6eff9cabeabe493fb6334b24f4bfff718", size = 12215815, upload-time = "2025-12-15T05:02:42.323Z" },
    { url = "https://files.pythonhosted.org/packages/0a/c6/bdd60774a0dbfb05122e3e925f2e9e846c009e479dcec4821dad881f5b52/mypy-1.19.1-cp314-cp314-manylinux2014_aarch64.manylinux_2_17_aarch64.manylinux_2_28_aarch64.whl", hash = "sha256:21761006a7f497cb0d4de3d8ef4ca70532256688b0523eee02baf9eec895e27b", size = 12740047, upload-time = "2025-12-15T05:03:33.168Z" },
    { url = "https://files.pythonhosted.org/packages/32/2a/66ba933fe6c76bd40d1fe916a83f04fed253152f451a877520b3c4a5e41e/mypy-1.19.1-cp314-cp314-manylinux2014_x86_64.manylinux_2_17_x86_64.manylinux_2_28_x86_64.whl", hash = "sha256:28902ee51f12e0f19e1e16fbe2f8f06b6637f482c459dd393efddd0ec7f82045", size = 13601998, upload-time = "2025-12-15T05:03:13.056Z" },
    { url = "https://files.pythonhosted.org/packages/e3/da/5055c63e377c5c2418760411fd6a63ee2b96cf95397259038756c042574f/mypy-1.19.1-cp314-cp314-musllinux_1_2_x86_64.whl", hash = "sha256:481daf36a4c443332e2ae9c137dfee878fcea781a2e3f895d54bd3002a900957", size = 13807476, upload-time = "2025-12-15T05:03:17.977Z" },
    { url = "https://files.pythonhosted.org/packages/cd/09/4ebd873390a063176f06b0dbf1f7783dd87bd120eae7727fa4ae4179b685/mypy-1.19.1-cp314-cp314-win_amd64.whl", hash = "sha256:8bb5c6f6d043655e055be9b542aa5f3bdd30e4f3589163e85f93f3640060509f", size = 10281872, upload-time = "2025-12-15T05:03:05.549Z" },
    { url = "https://files.pythonhosted.org/packages/8d/f4/4ce9a05ce5ded1de3ec1c1d96cf9f9504a04e54ce0ed55cfa38619a32b8d/mypy-1.19.1-py3-none-any.whl", hash = "sha256:f1235f5ea01b7db5468d53ece6aaddf1ad0b88d9e7462b86ef96fe04995d7247", size = 2471239, upload-time = "2025-12-15T05:03:07.248Z" },
]

[[package]]
name = "mypy-extensions"
version = "1.1.0"
source = { registry = "https://pypi.org/simple" }
sdist = { url = "https://files.pythonhosted.org/packages/a2/6e/371856a3fb9d31ca8dac321cda606860fa4548858c0cc45d9d1d4ca2628b/mypy_extensions-1.1.0.tar.gz", hash = "sha256:52e68efc3284861e772bbcd66823fde5ae21fd2fdb51c62a211403730b916558", size = 6343, upload-time = "2025-04-22T14:54:24.164Z" }
wheels = [
    { url = "https://files.pythonhosted.org/packages/79/7b/2c79738432f5c924bef5071f933bcc9efd0473bac3b4aa584a6f7c1c8df8/mypy_extensions-1.1.0-py3-none-any.whl", hash = "sha256:1be4cccdb0f2482337c4743e60421de3a356cd97508abadd57d47403e94f5505", size = 4963, upload-time = "2025-04-22T14:54:22.983Z" },
]

[[package]]
name = "packaging"
version = "25.0"
source = { registry = "https://pypi.org/simple" }
sdist = { url = "https://files.pythonhosted.org/packages/a1/d4/1fc4078c65507b51b96ca8f8c3ba19e6a61c8253c72794544580a7b6c24d/packaging-25.0.tar.gz", hash = "sha256:d443872c98d677bf60f6a1f2f8c1cb748e8fe762d2bf9d3148b5599295b0fc4f", size = 165727, upload-time = "2025-04-19T11:48:59.673Z" }
wheels = [
    { url = "https://files.pythonhosted.org/packages/20/12/38679034af332785aac8774540895e234f4d07f7545804097de4b666afd8/packaging-25.0-py3-none-any.whl", hash = "sha256:29572ef2b1f17581046b3a2227d5c611fb25ec70ca1ba8554b24b0e69331a484", size = 66469, upload-time = "2025-04-19T11:48:57.875Z" },
]

[[package]]
name = "pathspec"
version = "0.12.1"
source = { registry = "https://pypi.org/simple" }
sdist = { url = "https://files.pythonhosted.org/packages/ca/bc/f35b8446f4531a7cb215605d100cd88b7ac6f44ab3fc94870c120ab3adbf/pathspec-0.12.1.tar.gz", hash = "sha256:a482d51503a1ab33b1c67a6c3813a26953dbdc71c31dacaef9a838c4e29f5712", size = 51043, upload-time = "2023-12-10T22:30:45Z" }
wheels = [
    { url = "https://files.pythonhosted.org/packages/cc/20/ff623b09d963f88bfde16306a54e12ee5ea43e9b597108672ff3a408aad6/pathspec-0.12.1-py3-none-any.whl", hash = "sha256:a0d503e138a4c123b27490a4f7beda6a01c6f288df0e4a8b79c7eb0dc7b4cc08", size = 31191, upload-time = "2023-12-10T22:30:43.14Z" },
]

[[package]]
name = "pluggy"
version = "1.6.0"
source = { registry = "https://pypi.org/simple" }
sdist = { url = "https://files.pythonhosted.org/packages/f9/e2/3e91f31a7d2b083fe6ef3fa267035b518369d9511ffab804f839851d2779/pluggy-1.6.0.tar.gz", hash = "sha256:7dcc130b76258d33b90f61b658791dede3486c3e6bfb003ee5c9bfb396dd22f3", size = 69412, upload-time = "2025-05-15T12:30:07.975Z" }
wheels = [
    { url = "https://files.pythonhosted.org/packages/54/20/4d324d65cc6d9205fabedc306948156824eb9f0ee1633355a8f7ec5c66bf/pluggy-1.6.0-py3-none-any.whl", hash = "sha256:e920276dd6813095e9377c0bc5566d94c932c33b27a3e3945d8389c374dd4746", size = 20538, upload-time = "2025-05-15T12:30:06.134Z" },
]

[[package]]
name = "pygments"
version = "2.19.2"
source = { registry = "https://pypi.org/simple" }
sdist = { url = "https://files.pythonhosted.org/packages/b0/77/a5b8c569bf593b0140bde72ea885a803b82086995367bf2037de0159d924/pygments-2.19.2.tar.gz", hash = "sha256:636cb2477cec7f8952536970bc533bc43743542f70392ae026374600add5b887", size = 4968631, upload-time = "2025-06-21T13:39:12.283Z" }
wheels = [
    { url = "https://files.pythonhosted.org/packages/c7/21/705964c7812476f378728bdf590ca4b771ec72385c533964653c68e86bdc/pygments-2.19.2-py3-none-any.whl", hash = "sha256:86540386c03d588bb81d44bc3928634ff26449851e99741617ecb9037ee5ec0b", size = 1225217, upload-time = "2025-06-21T13:39:07.939Z" },
]

[[package]]
name = "pyspellchecker"
version = "0.8.4"
source = { registry = "https://pypi.org/simple" }
sdist = { url = "https://files.pythonhosted.org/packages/a8/f4/870865239781117f75f788594c98fc3c65836ad9b93779550f369700187a/pyspellchecker-0.8.4.tar.gz", hash = "sha256:48cafa76d65c30ce4d81d0831938f25e8f34ede243c1cc6840014b0eb51ad629", size = 7238678, upload-time = "2025-11-30T00:18:39.415Z" }
wheels = [
    { url = "https://files.pythonhosted.org/packages/8e/79/2a6993dd02c537ae1344a693f20f9b556206a5385c398022fb66cb004b3a/pyspellchecker-0.8.4-py3-none-any.whl", hash = "sha256:20c53d119568011bbaef68608aceb956b888bcd9d563798f7770721a112b8255", size = 7236997, upload-time = "2025-11-30T00:18:37.411Z" },
]

[[package]]
name = "pytest"
version = "9.0.2"
source = { registry = "https://pypi.org/simple" }
dependencies = [
    { name = "colorama", marker = "sys_platform == 'win32'" },
    { name = "iniconfig" },
    { name = "packaging" },
    { name = "pluggy" },
    { name = "pygments" },
]
sdist = { url = "https://files.pythonhosted.org/packages/d1/db/7ef3487e0fb0049ddb5ce41d3a49c235bf9ad299b6a25d5780a89f19230f/pytest-9.0.2.tar.gz", hash = "sha256:75186651a92bd89611d1d9fc20f0b4345fd827c41ccd5c299a868a05d70edf11", size = 1568901, upload-time = "2025-12-06T21:30:51.014Z" }
wheels = [
    { url = "https://files.pythonhosted.org/packages/3b/ab/b3226f0bd7cdcf710fbede2b3548584366da3b19b5021e74f5bde2a8fa3f/pytest-9.0.2-py3-none-any.whl", hash = "sha256:711ffd45bf766d5264d487b917733b453d917afd2b0ad65223959f59089f875b", size = 374801, upload-time = "2025-12-06T21:30:49.154Z" },
]

[[package]]
name = "typing-extensions"
version = "4.15.0"
source = { registry = "https://pypi.org/simple" }
sdist = { url = "https://files.pythonhosted.org/packages/72/94/1a15dd82efb362ac84269196e94cf00f187f7ed21c242792a923cdb1c61f/typing_extensions-4.15.0.tar.gz", hash = "sha256:0cea48d173cc12fa28ecabc3b837ea3cf6f38c6d1136f85cbaaf598984861466", size = 109391, upload-time = "2025-08-25T13:49:26.313Z" }
wheels = [
    { url = "https://files.pythonhosted.org/packages/18/67/36e9267722cc04a6b9f15c7f3441c2363321a3ea07da7ae0c0707beb2a9c/typing_extensions-4.15.0-py3-none-any.whl", hash = "sha256:f0fa19c6845758ab08074a0cfa8b7aecb71c999ca73d62883bc25cc018c4e548", size = 44614, upload-time = "2025-08-25T13:49:24.86Z" },
]
